
Microsoft Visual Studio Solution File, Format Version 11.00
# Visual Studio 2010
Project("{FAE04EC0-301F-11D3-BF4B-00C04F79EFBC}") = "RIS_HIS_Broker", "RIS_HIS_Broker\RIS_HIS_Broker.csproj", "{11B7E478-9560-43B2-B9E8-51469D1571A1}"
EndProject
Global
	GlobalSection(SolutionConfigurationPlatforms) = preSolution
		Debug|x86 = Debug|x86
		Release|x86 = Release|x86
	EndGlobalSection
	GlobalSection(ProjectConfigurationPlatforms) = postSolution
		{11B7E478-9560-43B2-B9E8-51469D1571A1}.Debug|x86.ActiveCfg = Debug|x86
		{11B7E478-9560-43B2-B9E8-51469D1571A1}.Debug|x86.Build.0 = Debug|x86
		{11B7E478-9560-43B2-B9E8-51469D1571A1}.Release|x86.ActiveCfg = Release|x86
		{11B7E478-9560-43B2-B9E8-51469D1571A1}.Release|x86.Build.0 = Release|x86
	EndGlobalSection
	GlobalSection(SolutionProperties) = preSolution
		HideSolutionNode = FALSE
	EndGlobalSection
EndGlobal
